# This file is automatically @generated by Cargo.
# It is not intended for manual editing.
version = 4

[[package]]
name = "aho-corasick"
version = "1.1.4"
source = "registry+https://github.com/rust-lang/crates.io-index"
checksum = "ddd31a130427c27518df266943a5308ed92d4b226cc639f5a8f1002816174301"
dependencies = [
 "memchr",
]

[[package]]
name = "anstream"
version = "0.6.21"
source = "registry+https://github.com/rust-lang/crates.io-index"
checksum = "43d5b281e737544384e969a5ccad3f1cdd24b48086a0fc1b2a5262a26b8f4f4a"
dependencies = [
 "anstyle",
 "anstyle-parse",
 "anstyle-query",
 "anstyle-wincon",
 "colorchoice",
 "is_terminal_polyfill",
 "utf8parse",
]

[[package]]
name = "anstyle"
version = "1.0.13"
source = "registry+https://github.com/rust-lang/crates.io-index"
checksum = "5192cca8006f1fd4f7237516f40fa183bb07f8fbdfedaa0036de5ea9b0b45e78"

[[package]]
name = "anstyle-parse"
version = "0.2.7"
source = "registry+https://github.com/rust-lang/crates.io-index"
checksum = "4e7644824f0aa2c7b9384579234ef10eb7efb6a0deb83f9630a49594dd9c15c2"
dependencies = [
 "utf8parse",
]

[[package]]
name = "anstyle-query"
version = "1.1.5"
source = "registry+https://github.com/rust-lang/crates.io-index"
checksum = "40c48f72fd53cd289104fc64099abca73db4166ad86ea0b4341abe65af83dadc"
dependencies = [
 "windows-sys",
]

[[package]]
name = "anstyle-wincon"
version = "3.0.11"
source = "registry+https://github.com/rust-lang/crates.io-index"
checksum = "291e6a250ff86cd4a820112fb8898808a366d8f9f58ce16d1f538353ad55747d"
dependencies = [
 "anstyle",
 "once_cell_polyfill",
 "windows-sys",
]

[[package]]
name = "bitflags"
version = "2.11.0"
source = "registry+https://github.com/rust-lang/crates.io-index"
checksum = "843867be96c8daad0d758b57df9392b6d8d271134fce549de6ce169ff98a92af"

[[package]]
name = "bytes"
version = "1.11.1"
source = "registry+https://github.com/rust-lang/crates.io-index"
checksum = "1e748733b7cbc798e1434b6ac524f0c1ff2ab456fe201501e6497c8417a4fc33"

[[package]]
name = "cfg-if"
version = "1.0.4"
source = "registry+https://github.com/rust-lang/crates.io-index"
checksum = "9330f8b2ff13f34540b44e946ef35111825727b38d33286ef986142615121801"

[[package]]
name = "colorchoice"
version = "1.0.4"
source = "registry+https://github.com/rust-lang/crates.io-index"
checksum = "b05b61dc5112cbb17e4b6cd61790d9845d13888356391624cbe7e41efeac1e75"

[[package]]
name = "context-logger"
version = "0.1.4"
dependencies = [
 "env_logger",
 "erased-serde",
 "futures-util",
 "include-utils",
 "log",
 "pin-project",
 "pretty_assertions",
 "serde",
 "serde_json",
 "structured-logger",
 "tokio",
]

[[package]]
name = "diff"
version = "0.1.13"
source = "registry+https://github.com/rust-lang/crates.io-index"
checksum = "56254986775e3233ffa9c4d7d3faaf6d36a2c09d30b20687e9f88bc8bafc16c8"

[[package]]
name = "either"
version = "1.15.0"
source = "registry+https://github.com/rust-lang/crates.io-index"
checksum = "48c757948c5ede0e46177b7add2e67155f70e33c07fea8284df6576da70b3719"

[[package]]
name = "env_filter"
version = "1.0.0"
source = "registry+https://github.com/rust-lang/crates.io-index"
checksum = "7a1c3cc8e57274ec99de65301228b537f1e4eedc1b8e0f9411c6caac8ae7308f"
dependencies = [
 "log",
 "regex",
]

[[package]]
name = "env_logger"
version = "0.11.9"
source = "registry+https://github.com/rust-lang/crates.io-index"
checksum = "b2daee4ea451f429a58296525ddf28b45a3b64f1acf6587e2067437bb11e218d"
dependencies = [
 "anstream",
 "anstyle",
 "env_filter",
 "jiff",
 "log",
]

[[package]]
name = "erased-serde"
version = "0.4.9"
source = "registry+https://github.com/rust-lang/crates.io-index"
checksum = "89e8918065695684b2b0702da20382d5ae6065cf3327bc2d6436bd49a71ce9f3"
dependencies = [
 "serde",
 "serde_core",
 "typeid",
]

[[package]]
name = "futures-core"
version = "0.3.32"
source = "registry+https://github.com/rust-lang/crates.io-index"
checksum = "7e3450815272ef58cec6d564423f6e755e25379b217b0bc688e295ba24df6b1d"

[[package]]
name = "futures-macro"
version = "0.3.32"
source = "registry+https://github.com/rust-lang/crates.io-index"
checksum = "e835b70203e41293343137df5c0664546da5745f82ec9b84d40be8336958447b"
dependencies = [
 "proc-macro2",
 "quote",
 "syn",
]

[[package]]
name = "futures-task"
version = "0.3.32"
source = "registry+https://github.com/rust-lang/crates.io-index"
checksum = "037711b3d59c33004d3856fbdc83b99d4ff37a24768fa1be9ce3538a1cde4393"

[[package]]
name = "futures-util"
version = "0.3.32"
source = "registry+https://github.com/rust-lang/crates.io-index"
checksum = "389ca41296e6190b48053de0321d02a77f32f8a5d2461dd38762c0593805c6d6"
dependencies = [
 "futures-core",
 "futures-macro",
 "futures-task",
 "pin-project-lite",
 "slab",
]

[[package]]
name = "include-utils"
version = "0.2.4"
source = "registry+https://github.com/rust-lang/crates.io-index"
checksum = "431d3c09de1082802cc229e78a515e4f46be80c7ac31eda029afa32e1518cebf"
dependencies = [
 "include-utils-macro",
]

[[package]]
name = "include-utils-macro"
version = "0.2.4"
source = "registry+https://github.com/rust-lang/crates.io-index"
checksum = "0a2c76d2506581ed9ead2afacb6b8164e4cac323427fd67102b59225d35b49cb"
dependencies = [
 "itertools",
 "manyhow",
 "proc-macro2",
 "quote",
 "syn",
]

[[package]]
name = "is_terminal_polyfill"
version = "1.70.2"
source = "registry+https://github.com/rust-lang/crates.io-index"
checksum = "a6cb138bb79a146c1bd460005623e142ef0181e3d0219cb493e02f7d08a35695"

[[package]]
name = "itertools"
version = "0.13.0"
source = "registry+https://github.com/rust-lang/crates.io-index"
checksum = "413ee7dfc52ee1a4949ceeb7dbc8a33f2d6c088194d9f922fb8318faf1f01186"
dependencies = [
 "either",
]

[[package]]
name = "itoa"
version = "1.0.17"
source = "registry+https://github.com/rust-lang/crates.io-index"
checksum = "92ecc6618181def0457392ccd0ee51198e065e016d1d527a7ac1b6dc7c1f09d2"

[[package]]
name = "jiff"
version = "0.2.20"
source = "registry+https://github.com/rust-lang/crates.io-index"
checksum = "c867c356cc096b33f4981825ab281ecba3db0acefe60329f044c1789d94c6543"
dependencies = [
 "jiff-static",
 "log",
 "portable-atomic",
 "portable-atomic-util",
 "serde_core",
]

[[package]]
name = "jiff-static"
version = "0.2.20"
source = "registry+https://github.com/rust-lang/crates.io-index"
checksum = "f7946b4325269738f270bb55b3c19ab5c5040525f83fd625259422a9d25d9be5"
dependencies = [
 "proc-macro2",
 "quote",
 "syn",
]

[[package]]
name = "libc"
version = "0.2.182"
source = "registry+https://github.com/rust-lang/crates.io-index"
checksum = "6800badb6cb2082ffd7b6a67e6125bb39f18782f793520caee8cb8846be06112"

[[package]]
name = "lock_api"
version = "0.4.14"
source = "registry+https://github.com/rust-lang/crates.io-index"
checksum = "224399e74b87b5f3557511d98dff8b14089b3dadafcab6bb93eab67d3aace965"
dependencies = [
 "scopeguard",
]

[[package]]
name = "log"
version = "0.4.29"
source = "registry+https://github.com/rust-lang/crates.io-index"
checksum = "5e5032e24019045c762d3c0f28f5b6b8bbf38563a65908389bf7978758920897"
dependencies = [
 "serde_core",
 "value-bag",
]

[[package]]
name = "manyhow"
version = "0.11.4"
source = "registry+https://github.com/rust-lang/crates.io-index"
checksum = "b33efb3ca6d3b07393750d4030418d594ab1139cee518f0dc88db70fec873587"
dependencies = [
 "manyhow-macros",
 "proc-macro2",
 "quote",
 "syn",
]

[[package]]
name = "manyhow-macros"
version = "0.11.4"
source = "registry+https://github.com/rust-lang/crates.io-index"
checksum = "46fce34d199b78b6e6073abf984c9cf5fd3e9330145a93ee0738a7443e371495"
dependencies = [
 "proc-macro-utils",
 "proc-macro2",
 "quote",
]

[[package]]
name = "memchr"
version = "2.8.0"
source = "registry+https://github.com/rust-lang/crates.io-index"
checksum = "f8ca58f447f06ed17d5fc4043ce1b10dd205e060fb3ce5b979b8ed8e59ff3f79"

[[package]]
name = "once_cell_polyfill"
version = "1.70.2"
source = "registry+https://github.com/rust-lang/crates.io-index"
checksum = "384b8ab6d37215f3c5301a95a4accb5d64aa607f1fcb26a11b5303878451b4fe"

[[package]]
name = "parking_lot"
version = "0.12.5"
source = "registry+https://github.com/rust-lang/crates.io-index"
checksum = "93857453250e3077bd71ff98b6a65ea6621a19bb0f559a85248955ac12c45a1a"
dependencies = [
 "lock_api",
 "parking_lot_core",
]

[[package]]
name = "parking_lot_core"
version = "0.9.12"
source = "registry+https://github.com/rust-lang/crates.io-index"
checksum = "2621685985a2ebf1c516881c026032ac7deafcda1a2c9b7850dc81e3dfcb64c1"
dependencies = [
 "cfg-if",
 "libc",
 "redox_syscall",
 "smallvec",
 "windows-link",
]

[[package]]
name = "pin-project"
version = "1.1.10"
source = "registry+https://github.com/rust-lang/crates.io-index"
checksum = "677f1add503faace112b9f1373e43e9e054bfdd22ff1a63c1bc485eaec6a6a8a"
dependencies = [
 "pin-project-internal",
]

[[package]]
name = "pin-project-internal"
version = "1.1.10"
source = "registry+https://github.com/rust-lang/crates.io-index"
checksum = "6e918e4ff8c4549eb882f14b3a4bc8c8bc93de829416eacf579f1207a8fbf861"
dependencies = [
 "proc-macro2",
 "quote",
 "syn",
]

[[package]]
name = "pin-project-lite"
version = "0.2.16"
source = "registry+https://github.com/rust-lang/crates.io-index"
checksum = "3b3cff922bd51709b605d9ead9aa71031d81447142d828eb4a6eba76fe619f9b"

[[package]]
name = "portable-atomic"
version = "1.13.1"
source = "registry+https://github.com/rust-lang/crates.io-index"
checksum = "c33a9471896f1c69cecef8d20cbe2f7accd12527ce60845ff44c153bb2a21b49"

[[package]]
name = "portable-atomic-util"
version = "0.2.5"
source = "registry+https://github.com/rust-lang/crates.io-index"
checksum = "7a9db96d7fa8782dd8c15ce32ffe8680bbd1e978a43bf51a34d39483540495f5"
dependencies = [
 "portable-atomic",
]

[[package]]
name = "pretty_assertions"
version = "1.4.1"
source = "registry+https://github.com/rust-lang/crates.io-index"
checksum = "3ae130e2f271fbc2ac3a40fb1d07180839cdbbe443c7a27e1e3c13c5cac0116d"
dependencies = [
 "diff",
 "yansi",
]

[[package]]
name = "proc-macro-utils"
version = "0.10.0"
source = "registry+https://github.com/rust-lang/crates.io-index"
checksum = "eeaf08a13de400bc215877b5bdc088f241b12eb42f0a548d3390dc1c56bb7071"
dependencies = [
 "proc-macro2",
 "quote",
 "smallvec",
]

[[package]]
name = "proc-macro2"
version = "1.0.106"
source = "registry+https://github.com/rust-lang/crates.io-index"
checksum = "8fd00f0bb2e90d81d1044c2b32617f68fcb9fa3bb7640c23e9c748e53fb30934"
dependencies = [
 "unicode-ident",
]

[[package]]
name = "quote"
version = "1.0.44"
source = "registry+https://github.com/rust-lang/crates.io-index"
checksum = "21b2ebcf727b7760c461f091f9f0f539b77b8e87f2fd88131e7f1b433b3cece4"
dependencies = [
 "proc-macro2",
]

[[package]]
name = "redox_syscall"
version = "0.5.18"
source = "registry+https://github.com/rust-lang/crates.io-index"
checksum = "ed2bf2547551a7053d6fdfafda3f938979645c44812fbfcda098faae3f1a362d"
dependencies = [
 "bitflags",
]

[[package]]
name = "regex"
version = "1.12.3"
source = "registry+https://github.com/rust-lang/crates.io-index"
checksum = "e10754a14b9137dd7b1e3e5b0493cc9171fdd105e0ab477f51b72e7f3ac0e276"
dependencies = [
 "aho-corasick",
 "memchr",
 "regex-automata",
 "regex-syntax",
]

[[package]]
name = "regex-automata"
version = "0.4.14"
source = "registry+https://github.com/rust-lang/crates.io-index"
checksum = "6e1dd4122fc1595e8162618945476892eefca7b88c52820e74af6262213cae8f"
dependencies = [
 "aho-corasick",
 "memchr",
 "regex-syntax",
]

[[package]]
name = "regex-syntax"
version = "0.8.9"
source = "registry+https://github.com/rust-lang/crates.io-index"
checksum = "a96887878f22d7bad8a3b6dc5b7440e0ada9a245242924394987b21cf2210a4c"

[[package]]
name = "ryu"
version = "1.0.23"
source = "registry+https://github.com/rust-lang/crates.io-index"
checksum = "9774ba4a74de5f7b1c1451ed6cd5285a32eddb5cccb8cc655a4e50009e06477f"

[[package]]
name = "scopeguard"
version = "1.2.0"
source = "registry+https://github.com/rust-lang/crates.io-index"
checksum = "94143f37725109f92c262ed2cf5e59bce7498c01bcc1502d7b9afe439a4e9f49"

[[package]]
name = "serde"
version = "1.0.228"
source = "registry+https://github.com/rust-lang/crates.io-index"
checksum = "9a8e94ea7f378bd32cbbd37198a4a91436180c5bb472411e48b5ec2e2124ae9e"
dependencies = [
 "serde_core",
 "serde_derive",
]

[[package]]
name = "serde_core"
version = "1.0.228"
source = "registry+https://github.com/rust-lang/crates.io-index"
checksum = "41d385c7d4ca58e59fc732af25c3983b67ac852c1a25000afe1175de458b67ad"
dependencies = [
 "serde_derive",
]

[[package]]
name = "serde_derive"
version = "1.0.228"
source = "registry+https://github.com/rust-lang/crates.io-index"
checksum = "d540f220d3187173da220f885ab66608367b6574e925011a9353e4badda91d79"
dependencies = [
 "proc-macro2",
 "quote",
 "syn",
]

[[package]]
name = "serde_fmt"
version = "1.1.0"
source = "registry+https://github.com/rust-lang/crates.io-index"
checksum = "6e497af288b3b95d067a23a4f749f2861121ffcb2f6d8379310dcda040c345ed"
dependencies = [
 "serde_core",
]

[[package]]
name = "serde_json"
version = "1.0.149"
source = "registry+https://github.com/rust-lang/crates.io-index"
checksum = "83fc039473c5595ace860d8c4fafa220ff474b3fc6bfdb4293327f1a37e94d86"
dependencies = [
 "itoa",
 "memchr",
 "serde",
 "serde_core",
 "zmij",
]

[[package]]
name = "slab"
version = "0.4.12"
source = "registry+https://github.com/rust-lang/crates.io-index"
checksum = "0c790de23124f9ab44544d7ac05d60440adc586479ce501c1d6d7da3cd8c9cf5"

[[package]]
name = "smallvec"
version = "1.15.1"
source = "registry+https://github.com/rust-lang/crates.io-index"
checksum = "67b1b7a3b5fe4f1376887184045fcf45c69e92af734b7aaddc05fb777b6fbd03"

[[package]]
name = "structured-logger"
version = "1.0.5"
source = "registry+https://github.com/rust-lang/crates.io-index"
checksum = "d5e5db98a0b69a45a1f8604185fd4c2a5900b640118530b82c4ce74e12c5c9ab"
dependencies = [
 "log",
 "parking_lot",
 "serde",
 "serde_json",
 "tokio",
]

[[package]]
name = "sval"
version = "2.17.0"
source = "registry+https://github.com/rust-lang/crates.io-index"
checksum = "c1aaf178a50bbdd86043fce9bf0a5867007d9b382db89d1c96ccae4601ff1ff9"

[[package]]
name = "sval_buffer"
version = "2.17.0"
source = "registry+https://github.com/rust-lang/crates.io-index"
checksum = "f89273e48f03807ebf51c4d81c52f28d35ffa18a593edf97e041b52de143df89"
dependencies = [
 "sval",
 "sval_ref",
]

[[package]]
name = "sval_dynamic"
version = "2.17.0"
source = "registry+https://github.com/rust-lang/crates.io-index"
checksum = "0430f4e18e7eba21a49d10d25a8dec3ce0e044af40b162347e99a8e3c3ced864"
dependencies = [
 "sval",
]

[[package]]
name = "sval_fmt"
version = "2.17.0"
source = "registry+https://github.com/rust-lang/crates.io-index"
checksum = "835f51b9d7331b9d7fc48fc716c02306fa88c4a076b1573531910c91a525882d"
dependencies = [
 "itoa",
 "ryu",
 "sval",
]

[[package]]
name = "sval_json"
version = "2.17.0"
source = "registry+https://github.com/rust-lang/crates.io-index"
checksum = "13cbfe3ef406ee2366e7e8ab3678426362085fa9eaedf28cb878a967159dced3"
dependencies = [
 "itoa",
 "ryu",
 "sval",
]

[[package]]
name = "sval_nested"
version = "2.17.0"
source = "registry+https://github.com/rust-lang/crates.io-index"
checksum = "8b20358af4af787c34321a86618c3cae12eabdd0e9df22cd9dd2c6834214c518"
dependencies = [
 "sval",
 "sval_buffer",
 "sval_ref",
]

[[package]]
name = "sval_ref"
version = "2.17.0"
source = "registry+https://github.com/rust-lang/crates.io-index"
checksum = "fb5e500f8eb2efa84f75e7090f7fc43f621b9f8b6cde571c635b3855f97b332a"
dependencies = [
 "sval",
]

[[package]]
name = "sval_serde"
version = "2.17.0"
source = "registry+https://github.com/rust-lang/crates.io-index"
checksum = "ca2032ae39b11dcc6c18d5fbc50a661ea191cac96484c59ccf49b002261ca2c1"
dependencies = [
 "serde_core",
 "sval",
 "sval_nested",
]

[[package]]
name = "syn"
version = "2.0.117"
source = "registry+https://github.com/rust-lang/crates.io-index"
checksum = "e665b8803e7b1d2a727f4023456bbbbe74da67099c585258af0ad9c5013b9b99"
dependencies = [
 "proc-macro2",
 "quote",
 "unicode-ident",
]

[[package]]
name = "tokio"
version = "1.49.0"
source = "registry+https://github.com/rust-lang/crates.io-index"
checksum = "72a2903cd7736441aac9df9d7688bd0ce48edccaadf181c3b90be801e81d3d86"
dependencies = [
 "bytes",
 "parking_lot",
 "pin-project-lite",
 "tokio-macros",
]

[[package]]
name = "tokio-macros"
version = "2.6.0"
source = "registry+https://github.com/rust-lang/crates.io-index"
checksum = "af407857209536a95c8e56f8231ef2c2e2aff839b22e07a1ffcbc617e9db9fa5"
dependencies = [
 "proc-macro2",
 "quote",
 "syn",
]

[[package]]
name = "typeid"
version = "1.0.3"
source = "registry+https://github.com/rust-lang/crates.io-index"
checksum = "bc7d623258602320d5c55d1bc22793b57daff0ec7efc270ea7d55ce1d5f5471c"

[[package]]
name = "unicode-ident"
version = "1.0.24"
source = "registry+https://github.com/rust-lang/crates.io-index"
checksum = "e6e4313cd5fcd3dad5cafa179702e2b244f760991f45397d14d4ebf38247da75"

[[package]]
name = "utf8parse"
version = "0.2.2"
source = "registry+https://github.com/rust-lang/crates.io-index"
checksum = "06abde3611657adf66d383f00b093d7faecc7fa57071cce2578660c9f1010821"

[[package]]
name = "value-bag"
version = "1.12.0"
source = "registry+https://github.com/rust-lang/crates.io-index"
checksum = "7ba6f5989077681266825251a52748b8c1d8a4ad098cc37e440103d0ea717fc0"
dependencies = [
 "value-bag-serde1",
 "value-bag-sval2",
]

[[package]]
name = "value-bag-serde1"
version = "1.12.0"
source = "registry+https://github.com/rust-lang/crates.io-index"
checksum = "16530907bfe2999a1773ca5900a65101e092c70f642f25cc23ca0c43573262c5"
dependencies = [
 "erased-serde",
 "serde_core",
 "serde_fmt",
]

[[package]]
name = "value-bag-sval2"
version = "1.12.0"
source = "registry+https://github.com/rust-lang/crates.io-index"
checksum = "d00ae130edd690eaa877e4f40605d534790d1cf1d651e7685bd6a144521b251f"
dependencies = [
 "sval",
 "sval_buffer",
 "sval_dynamic",
 "sval_fmt",
 "sval_json",
 "sval_ref",
 "sval_serde",
]

[[package]]
name = "windows-link"
version = "0.2.1"
source = "registry+https://github.com/rust-lang/crates.io-index"
checksum = "f0805222e57f7521d6a62e36fa9163bc891acd422f971defe97d64e70d0a4fe5"

[[package]]
name = "windows-sys"
version = "0.61.2"
source = "registry+https://github.com/rust-lang/crates.io-index"
checksum = "ae137229bcbd6cdf0f7b80a31df61766145077ddf49416a728b02cb3921ff3fc"
dependencies = [
 "windows-link",
]

[[package]]
name = "yansi"
version = "1.0.1"
source = "registry+https://github.com/rust-lang/crates.io-index"
checksum = "cfe53a6657fd280eaa890a3bc59152892ffa3e30101319d168b781ed6529b049"

[[package]]
name = "zmij"
version = "1.0.21"
source = "registry+https://github.com/rust-lang/crates.io-index"
checksum = "b8848ee67ecc8aedbaf3e4122217aff892639231befc6a1b58d29fff4c2cabaa"
